
Microsoft Visual Studio Solution File, Format Version 12.00
# Visual Studio Version 17
VisualStudioVersion = 17.7.34031.279
MinimumVisualStudioVersion = 10.0.40219.1
Project("{9A19103F-16F7-4668-BE54-9A1E7A4F7556}") = "proje", "proje\proje.csproj", "{B3741343-8A91-47BE-AAEE-77BB6426F51B}"
	ProjectSection(ProjectDependencies) = postProject
		{2904CF87-AA32-4655-ACFC-6FFC93D9473D} = {2904CF87-AA32-4655-ACFC-6FFC93D9473D}
		{7C5E84C0-5204-4CA0-AD8F-EDDABE47FE3B} = {7C5E84C0-5204-4CA0-AD8F-EDDABE47FE3B}
		{CE136F66-90A8-4361-BE29-73BD5CEDAD24} = {CE136F66-90A8-4361-BE29-73BD5CEDAD24}
	EndProjectSection
EndProject
Project("{9A19103F-16F7-4668-BE54-9A1E7A4F7556}") = "Hospital.Models", "Hospital.Models\Hospital.Models.csproj", "{2904CF87-AA32-4655-ACFC-6FFC93D9473D}"
	ProjectSection(ProjectDependencies) = postProject
		{CE136F66-90A8-4361-BE29-73BD5CEDAD24} = {CE136F66-90A8-4361-BE29-73BD5CEDAD24}
	EndProjectSection
EndProject
Project("{9A19103F-16F7-4668-BE54-9A1E7A4F7556}") = "Hospital.ViewModels", "Hospital.ViewModels\Hospital.ViewModels.csproj", "{7C5E84C0-5204-4CA0-AD8F-EDDABE47FE3B}"
	ProjectSection(ProjectDependencies) = postProject
		{2904CF87-AA32-4655-ACFC-6FFC93D9473D} = {2904CF87-AA32-4655-ACFC-6FFC93D9473D}
	EndProjectSection
EndProject
Project("{9A19103F-16F7-4668-BE54-9A1E7A4F7556}") = "Hospital.Repositories", "Hospital.Repositories\Hospital.Repositories.csproj", "{AB1D2C52-75C6-40E1-B881-9377503F2884}"
EndProject
Project("{9A19103F-16F7-4668-BE54-9A1E7A4F7556}") = "Hospital.Utilies", "Hospital.Utilies\Hospital.Utilies.csproj", "{59E82814-FFC5-4AEC-8F67-1C6FC4A1035F}"
	ProjectSection(ProjectDependencies) = postProject
		{7C5E84C0-5204-4CA0-AD8F-EDDABE47FE3B} = {7C5E84C0-5204-4CA0-AD8F-EDDABE47FE3B}
		{CE136F66-90A8-4361-BE29-73BD5CEDAD24} = {CE136F66-90A8-4361-BE29-73BD5CEDAD24}
	EndProjectSection
EndProject
Project("{9A19103F-16F7-4668-BE54-9A1E7A4F7556}") = "Hospital.Services", "Hospital.Services\Hospital.Services.csproj", "{CE136F66-90A8-4361-BE29-73BD5CEDAD24}"
EndProject
Global
	GlobalSection(SolutionConfigurationPlatforms) = preSolution
		Debug|Any CPU = Debug|Any CPU
		Release|Any CPU = Release|Any CPU
	EndGlobalSection
	GlobalSection(ProjectConfigurationPlatforms) = postSolution
		{B3741343-8A91-47BE-AAEE-77BB6426F51B}.Debug|Any CPU.ActiveCfg = Debug|Any CPU
		{B3741343-8A91-47BE-AAEE-77BB6426F51B}.Debug|Any CPU.Build.0 = Debug|Any CPU
		{B3741343-8A91-47BE-AAEE-77BB6426F51B}.Release|Any CPU.ActiveCfg = Release|Any CPU
		{B3741343-8A91-47BE-AAEE-77BB6426F51B}.Release|Any CPU.Build.0 = Release|Any CPU
		{2904CF87-AA32-4655-ACFC-6FFC93D9473D}.Debug|Any CPU.ActiveCfg = Debug|Any CPU
		{2904CF87-AA32-4655-ACFC-6FFC93D9473D}.Debug|Any CPU.Build.0 = Debug|Any CPU
		{2904CF87-AA32-4655-ACFC-6FFC93D9473D}.Release|Any CPU.ActiveCfg = Release|Any CPU
		{2904CF87-AA32-4655-ACFC-6FFC93D9473D}.Release|Any CPU.Build.0 = Release|Any CPU
		{7C5E84C0-5204-4CA0-AD8F-EDDABE47FE3B}.Debug|Any CPU.ActiveCfg = Debug|Any CPU
		{7C5E84C0-5204-4CA0-AD8F-EDDABE47FE3B}.Debug|Any CPU.Build.0 = Debug|Any CPU
		{7C5E84C0-5204-4CA0-AD8F-EDDABE47FE3B}.Release|Any CPU.ActiveCfg = Release|Any CPU
		{7C5E84C0-5204-4CA0-AD8F-EDDABE47FE3B}.Release|Any CPU.Build.0 = Release|Any CPU
		{AB1D2C52-75C6-40E1-B881-9377503F2884}.Debug|Any CPU.ActiveCfg = Debug|Any CPU
		{AB1D2C52-75C6-40E1-B881-9377503F2884}.Debug|Any CPU.Build.0 = Debug|Any CPU
		{AB1D2C52-75C6-40E1-B881-9377503F2884}.Release|Any CPU.ActiveCfg = Release|Any CPU
		{AB1D2C52-75C6-40E1-B881-9377503F2884}.Release|Any CPU.Build.0 = Release|Any CPU
		{59E82814-FFC5-4AEC-8F67-1C6FC4A1035F}.Debug|Any CPU.ActiveCfg = Debug|Any CPU
		{59E82814-FFC5-4AEC-8F67-1C6FC4A1035F}.Debug|Any CPU.Build.0 = Debug|Any CPU
		{59E82814-FFC5-4AEC-8F67-1C6FC4A1035F}.Release|Any CPU.ActiveCfg = Release|Any CPU
		{59E82814-FFC5-4AEC-8F67-1C6FC4A1035F}.Release|Any CPU.Build.0 = Release|Any CPU
		{CE136F66-90A8-4361-BE29-73BD5CEDAD24}.Debug|Any CPU.ActiveCfg = Debug|Any CPU
		{CE136F66-90A8-4361-BE29-73BD5CEDAD24}.Debug|Any CPU.Build.0 = Debug|Any CPU
		{CE136F66-90A8-4361-BE29-73BD5CEDAD24}.Release|Any CPU.ActiveCfg = Release|Any CPU
		{CE136F66-90A8-4361-BE29-73BD5CEDAD24}.Release|Any CPU.Build.0 = Release|Any CPU
	EndGlobalSection
	GlobalSection(SolutionProperties) = preSolution
		HideSolutionNode = FALSE
	EndGlobalSection
	GlobalSection(ExtensibilityGlobals) = postSolution
		SolutionGuid = {F0EBC758-7CBA-4FA1-8D98-E2D59813EA1E}
	EndGlobalSection
EndGlobal
